
Microsoft Visual Studio Solution File, Format Version 12.00
Project("{FAE04EC0-301F-11D3-BF4B-00C04F79EFBC}") = "Zad_APBD_3", "Zad_APBD_3\Zad_APBD_3.csproj", "{8A169E2C-84A9-4C72-9859-D5A929B0791B}"
EndProject
Global
	GlobalSection(SolutionConfigurationPlatforms) = preSolution
		Debug|Any CPU = Debug|Any CPU
		Release|Any CPU = Release|Any CPU
	EndGlobalSection
	GlobalSection(ProjectConfigurationPlatforms) = postSolution
		{8A169E2C-84A9-4C72-9859-D5A929B0791B}.Debug|Any CPU.ActiveCfg = Debug|Any CPU
		{8A169E2C-84A9-4C72-9859-D5A929B0791B}.Debug|Any CPU.Build.0 = Debug|Any CPU
		{8A169E2C-84A9-4C72-9859-D5A929B0791B}.Release|Any CPU.ActiveCfg = Release|Any CPU
		{8A169E2C-84A9-4C72-9859-D5A929B0791B}.Release|Any CPU.Build.0 = Release|Any CPU
	EndGlobalSection
EndGlobal
