
Microsoft Visual Studio Solution File, Format Version 12.00
Project("{FAE04EC0-301F-11D3-BF4B-00C04F79EFBC}") = "Zad_APBD_1", "Zad_APBD_1\Zad_APBD_1.csproj", "{A47713FB-7C7B-43C3-B5E2-ED4ACD962537}"
EndProject
Global
	GlobalSection(SolutionConfigurationPlatforms) = preSolution
		Debug|Any CPU = Debug|Any CPU
		Release|Any CPU = Release|Any CPU
	EndGlobalSection
	GlobalSection(ProjectConfigurationPlatforms) = postSolution
		{A47713FB-7C7B-43C3-B5E2-ED4ACD962537}.Debug|Any CPU.ActiveCfg = Debug|Any CPU
		{A47713FB-7C7B-43C3-B5E2-ED4ACD962537}.Debug|Any CPU.Build.0 = Debug|Any CPU
		{A47713FB-7C7B-43C3-B5E2-ED4ACD962537}.Release|Any CPU.ActiveCfg = Release|Any CPU
		{A47713FB-7C7B-43C3-B5E2-ED4ACD962537}.Release|Any CPU.Build.0 = Release|Any CPU
	EndGlobalSection
EndGlobal
